
Microsoft Visual Studio Solution File, Format Version 12.00
# Visual Studio Version 16
VisualStudioVersion = 16.0.31025.194
MinimumVisualStudioVersion = 10.0.40219.1
Project("{8BC9CEB8-8B4A-11D0-8D11-00A0C91BC942}") = "QTLight", "QTLight\QTLight.vcxproj", "{711CCEE6-389D-4EED-BE57-0191ABA13057}"
EndProject
Global
	GlobalSection(SolutionConfigurationPlatforms) = preSolution
		Debug|x64 = Debug|x64
		Release|x64 = Release|x64
	EndGlobalSection
	GlobalSection(ProjectConfigurationPlatforms) = postSolution
		{711CCEE6-389D-4EED-BE57-0191ABA13057}.Debug|x64.ActiveCfg = Debug|x64
		{711CCEE6-389D-4EED-BE57-0191ABA13057}.Debug|x64.Build.0 = Debug|x64
		{711CCEE6-389D-4EED-BE57-0191ABA13057}.Release|x64.ActiveCfg = Release|x64
		{711CCEE6-389D-4EED-BE57-0191ABA13057}.Release|x64.Build.0 = Release|x64
	EndGlobalSection
	GlobalSection(SolutionProperties) = preSolution
		HideSolutionNode = FALSE
	EndGlobalSection
	GlobalSection(ExtensibilityGlobals) = postSolution
		SolutionGuid = {87333FC5-5EF3-4C75-B9DC-D838EF3D0433}
	EndGlobalSection
EndGlobal
